// !$*UTF8*$!
{
	archiveVersion = 1;
	classes = {
	};
	objectVersion = 46;
	objects = {

/* Begin PBXBuildFile section */
		160163211F73323200A3B403 /* Curso.swift in Sources */ = {isa = PBXBuildFile; fileRef = 160163201F73323200A3B403 /* Curso.swift */; };
		160163231F7332B400A3B403 /* Usuario.swift in Sources */ = {isa = PBXBuildFile; fileRef = 160163221F7332B400A3B403 /* Usuario.swift */; };
		1601632F1F7336F800A3B403 /* jesse.jpg in Resources */ = {isa = PBXBuildFile; fileRef = 1601632C1F7336F800A3B403 /* jesse.jpg */; };
		160163301F7336F800A3B403 /* lucas.jpg in Resources */ = {isa = PBXBuildFile; fileRef = 1601632D1F7336F800A3B403 /* lucas.jpg */; };
		160163311F7336F800A3B403 /* thayla.jpg in Resources */ = {isa = PBXBuildFile; fileRef = 1601632E1F7336F800A3B403 /* thayla.jpg */; };
		160163341F7349E000A3B403 /* baymax.jpg in Resources */ = {isa = PBXBuildFile; fileRef = 160163331F7349E000A3B403 /* baymax.jpg */; };
		1602C2161F736797005EE7A1 /* MainNavigationViewController.swift in Sources */ = {isa = PBXBuildFile; fileRef = 1602C2151F736797005EE7A1 /* MainNavigationViewController.swift */; };
		160E72121F748762006ACAEF /* SideMenuTableViewController.swift in Sources */ = {isa = PBXBuildFile; fileRef = 160E72111F748762006ACAEF /* SideMenuTableViewController.swift */; };
		160E72141F749323006ACAEF /* MenuItemTableViewCell.swift in Sources */ = {isa = PBXBuildFile; fileRef = 160E72131F749323006ACAEF /* MenuItemTableViewCell.swift */; };
		161C93BC1F87063100F19BD0 /* LoginViewController.swift in Sources */ = {isa = PBXBuildFile; fileRef = 161C93BB1F87063100F19BD0 /* LoginViewController.swift */; };
		1658BFC01F6F5639009B73C0 /* AppDelegate.swift in Sources */ = {isa = PBXBuildFile; fileRef = 1658BFBF1F6F5639009B73C0 /* AppDelegate.swift */; };
		1658BFC51F6F5639009B73C0 /* Main.storyboard in Resources */ = {isa = PBXBuildFile; fileRef = 1658BFC31F6F5639009B73C0 /* Main.storyboard */; };
		1658BFC71F6F5639009B73C0 /* Assets.xcassets in Resources */ = {isa = PBXBuildFile; fileRef = 1658BFC61F6F5639009B73C0 /* Assets.xcassets */; };
		1658BFCA1F6F563A009B73C0 /* LaunchScreen.storyboard in Resources */ = {isa = PBXBuildFile; fileRef = 1658BFC81F6F563A009B73C0 /* LaunchScreen.storyboard */; };
		167623D41F712B1000A4E30C /* CardTableViewCell.swift in Sources */ = {isa = PBXBuildFile; fileRef = 167623D31F712B1000A4E30C /* CardTableViewCell.swift */; };
		167623D81F713C8700A4E30C /* CursosTableViewController.swift in Sources */ = {isa = PBXBuildFile; fileRef = 167623D71F713C8700A4E30C /* CursosTableViewController.swift */; };
		16777C011F76E7ED0044D208 /* Colors.swift in Sources */ = {isa = PBXBuildFile; fileRef = 16777C001F76E7ED0044D208 /* Colors.swift */; };
		16C708B31F89B1E30019A645 /* CadastroController.swift in Sources */ = {isa = PBXBuildFile; fileRef = 16C708B21F89B1E30019A645 /* CadastroController.swift */; };
		16C708B61F89B2FF0019A645 /* AlertFactory.swift in Sources */ = {isa = PBXBuildFile; fileRef = 16C708B51F89B2FF0019A645 /* AlertFactory.swift */; };
		16C708BC1F89BD140019A645 /* MainTextField.swift in Sources */ = {isa = PBXBuildFile; fileRef = 16C708BB1F89BD140019A645 /* MainTextField.swift */; };
		16C708BE1F89E1710019A645 /* UsuarioService.swift in Sources */ = {isa = PBXBuildFile; fileRef = 16C708BD1F89E1710019A645 /* UsuarioService.swift */; };
		16C87F041F71F15500D40621 /* HeaderTableViewCell.swift in Sources */ = {isa = PBXBuildFile; fileRef = 16C87F031F71F15500D40621 /* HeaderTableViewCell.swift */; };
		16E456461F896E5100580165 /* HttpService.swift in Sources */ = {isa = PBXBuildFile; fileRef = 16E456451F896E5100580165 /* HttpService.swift */; };
		16E456541F89A87700580165 /* logo_branco in Resources */ = {isa = PBXBuildFile; fileRef = 16E456531F89A81300580165 /* logo_branco */; };
		16E456551F89A8B500580165 /* bg.png in Resources */ = {isa = PBXBuildFile; fileRef = 16E456501F89A43C00580165 /* bg.png */; };
		9EC564B24DD93CA3B05AE3D2 /* Pods_Multi_Inteligencia_Coletiva.framework in Frameworks */ = {isa = PBXBuildFile; fileRef = 63730C0376272CB413BC257C /* Pods_Multi_Inteligencia_Coletiva.framework */; };
/* End PBXBuildFile section */

/* Begin PBXFileReference section */
		160163201F73323200A3B403 /* Curso.swift */ = {isa = PBXFileReference; fileEncoding = 4; lastKnownFileType = sourcecode.swift; name = Curso.swift; path = app/models/Curso.swift; sourceTree = "<group>"; };
		160163221F7332B400A3B403 /* Usuario.swift */ = {isa = PBXFileReference; fileEncoding = 4; lastKnownFileType = sourcecode.swift; name = Usuario.swift; path = app/models/Usuario.swift; sourceTree = "<group>"; };
		1601632C1F7336F800A3B403 /* jesse.jpg */ = {isa = PBXFileReference; lastKnownFileType = image.jpeg; name = jesse.jpg; path = app/assets/avatars/jesse.jpg; sourceTree = "<group>"; };
		1601632D1F7336F800A3B403 /* lucas.jpg */ = {isa = PBXFileReference; lastKnownFileType = image.jpeg; name = lucas.jpg; path = app/assets/avatars/lucas.jpg; sourceTree = "<group>"; };
		1601632E1F7336F800A3B403 /* thayla.jpg */ = {isa = PBXFileReference; lastKnownFileType = image.jpeg; name = thayla.jpg; path = app/assets/avatars/thayla.jpg; sourceTree = "<group>"; };
		160163331F7349E000A3B403 /* baymax.jpg */ = {isa = PBXFileReference; lastKnownFileType = image.jpeg; path = baymax.jpg; sourceTree = "<group>"; };
		1602C2151F736797005EE7A1 /* MainNavigationViewController.swift */ = {isa = PBXFileReference; fileEncoding = 4; lastKnownFileType = sourcecode.swift; name = MainNavigationViewController.swift; path = app/controllers/MainNavigationViewController.swift; sourceTree = "<group>"; };
		160E72111F748762006ACAEF /* SideMenuTableViewController.swift */ = {isa = PBXFileReference; lastKnownFileType = sourcecode.swift; name = SideMenuTableViewController.swift; path = app/controllers/SideMenuTableViewController.swift; sourceTree = "<group>"; };
		160E72131F749323006ACAEF /* MenuItemTableViewCell.swift */ = {isa = PBXFileReference; lastKnownFileType = sourcecode.swift; name = MenuItemTableViewCell.swift; path = app/components/MenuItemTableViewCell.swift; sourceTree = "<group>"; };
		161C93BB1F87063100F19BD0 /* LoginViewController.swift */ = {isa = PBXFileReference; lastKnownFileType = sourcecode.swift; name = LoginViewController.swift; path = app/controllers/LoginViewController.swift; sourceTree = "<group>"; };
		1658BFBC1F6F5639009B73C0 /* Multi Inteligencia Coletiva.app */ = {isa = PBXFileReference; explicitFileType = wrapper.application; includeInIndex = 0; path = "Multi Inteligencia Coletiva.app"; sourceTree = BUILT_PRODUCTS_DIR; };
		1658BFBF1F6F5639009B73C0 /* AppDelegate.swift */ = {isa = PBXFileReference; lastKnownFileType = sourcecode.swift; path = AppDelegate.swift; sourceTree = "<group>"; };
		1658BFC41F6F5639009B73C0 /* Base */ = {isa = PBXFileReference; lastKnownFileType = file.storyboard; name = Base; path = Base.lproj/Main.storyboard; sourceTree = "<group>"; };
		1658BFC61F6F5639009B73C0 /* Assets.xcassets */ = {isa = PBXFileReference; lastKnownFileType = folder.assetcatalog; path = Assets.xcassets; sourceTree = "<group>"; };
		1658BFC91F6F563A009B73C0 /* Base */ = {isa = PBXFileReference; lastKnownFileType = file.storyboard; name = Base; path = Base.lproj/LaunchScreen.storyboard; sourceTree = "<group>"; };
		1658BFCB1F6F563A009B73C0 /* Info.plist */ = {isa = PBXFileReference; lastKnownFileType = text.plist.xml; path = Info.plist; sourceTree = "<group>"; };
		167623D31F712B1000A4E30C /* CardTableViewCell.swift */ = {isa = PBXFileReference; fileEncoding = 4; lastKnownFileType = sourcecode.swift; name = CardTableViewCell.swift; path = app/components/CardTableViewCell.swift; sourceTree = "<group>"; };
		167623D71F713C8700A4E30C /* CursosTableViewController.swift */ = {isa = PBXFileReference; fileEncoding = 4; lastKnownFileType = sourcecode.swift; name = CursosTableViewController.swift; path = app/controllers/CursosTableViewController.swift; sourceTree = "<group>"; };
		16777C001F76E7ED0044D208 /* Colors.swift */ = {isa = PBXFileReference; lastKnownFileType = sourcecode.swift; name = Colors.swift; path = app/commons/Colors.swift; sourceTree = "<group>"; };
		16C708B21F89B1E30019A645 /* CadastroController.swift */ = {isa = PBXFileReference; lastKnownFileType = sourcecode.swift; name = CadastroController.swift; path = app/controllers/CadastroController.swift; sourceTree = "<group>"; };
		16C708B51F89B2FF0019A645 /* AlertFactory.swift */ = {isa = PBXFileReference; lastKnownFileType = sourcecode.swift; name = AlertFactory.swift; path = app/utils/AlertFactory.swift; sourceTree = "<group>"; };
		16C708BB1F89BD140019A645 /* MainTextField.swift */ = {isa = PBXFileReference; lastKnownFileType = sourcecode.swift; name = MainTextField.swift; path = app/components/MainTextField.swift; sourceTree = "<group>"; };
		16C708BD1F89E1710019A645 /* UsuarioService.swift */ = {isa = PBXFileReference; lastKnownFileType = sourcecode.swift; path = UsuarioService.swift; sourceTree = "<group>"; };
		16C87F031F71F15500D40621 /* HeaderTableViewCell.swift */ = {isa = PBXFileReference; fileEncoding = 4; lastKnownFileType = sourcecode.swift; name = HeaderTableViewCell.swift; path = app/components/HeaderTableViewCell.swift; sourceTree = "<group>"; };
		16E456451F896E5100580165 /* HttpService.swift */ = {isa = PBXFileReference; lastKnownFileType = sourcecode.swift; path = HttpService.swift; sourceTree = "<group>"; };
		16E456501F89A43C00580165 /* bg.png */ = {isa = PBXFileReference; lastKnownFileType = image.png; name = bg.png; path = "Multi Inteligencia Coletiva/app/assets/images/bg.png"; sourceTree = SOURCE_ROOT; };
		16E456511F89A66800580165 /* logo-multi.png */ = {isa = PBXFileReference; lastKnownFileType = image.png; path = "logo-multi.png"; sourceTree = "<group>"; };
		16E456531F89A81300580165 /* logo_branco */ = {isa = PBXFileReference; explicitFileType = image.png; name = logo_branco; path = "Multi Inteligencia Coletiva/app/assets/images/logo_branco"; sourceTree = SOURCE_ROOT; };
		2F2FC5CCB386B86395BD15CD /* Pods-Multi Inteligencia Coletiva.release.xcconfig */ = {isa = PBXFileReference; includeInIndex = 1; lastKnownFileType = text.xcconfig; name = "Pods-Multi Inteligencia Coletiva.release.xcconfig"; path = "Pods/Target Support Files/Pods-Multi Inteligencia Coletiva/Pods-Multi Inteligencia Coletiva.release.xcconfig"; sourceTree = "<group>"; };
		63730C0376272CB413BC257C /* Pods_Multi_Inteligencia_Coletiva.framework */ = {isa = PBXFileReference; explicitFileType = wrapper.framework; includeInIndex = 0; path = Pods_Multi_Inteligencia_Coletiva.framework; sourceTree = BUILT_PRODUCTS_DIR; };
		D057E03838A2DE195E9E28D8 /* Pods-Multi Inteligencia Coletiva.debug.xcconfig */ = {isa = PBXFileReference; includeInIndex = 1; lastKnownFileType = text.xcconfig; name = "Pods-Multi Inteligencia Coletiva.debug.xcconfig"; path = "Pods/Target Support Files/Pods-Multi Inteligencia Coletiva/Pods-Multi Inteligencia Coletiva.debug.xcconfig"; sourceTree = "<group>"; };
/* End PBXFileReference section */

/* Begin PBXFrameworksBuildPhase section */
		1658BFB91F6F5639009B73C0 /* Frameworks */ = {
			isa = PBXFrameworksBuildPhase;
			buildActionMask = 2147483647;
			files = (
				9EC564B24DD93CA3B05AE3D2 /* Pods_Multi_Inteligencia_Coletiva.framework in Frameworks */,
			);
			runOnlyForDeploymentPostprocessing = 0;
		};
/* End PBXFrameworksBuildPhase section */

/* Begin PBXGroup section */
		160163241F73367100A3B403 /* assets */ = {
			isa = PBXGroup;
			children = (
				160163321F7349E000A3B403 /* images */,
				160163251F73369100A3B403 /* avatars */,
			);
			name = assets;
			sourceTree = "<group>";
		};
		160163251F73369100A3B403 /* avatars */ = {
			isa = PBXGroup;
			children = (
				1601632C1F7336F800A3B403 /* jesse.jpg */,
				1601632D1F7336F800A3B403 /* lucas.jpg */,
				1601632E1F7336F800A3B403 /* thayla.jpg */,
			);
			name = avatars;
			sourceTree = "<group>";
		};
		160163321F7349E000A3B403 /* images */ = {
			isa = PBXGroup;
			children = (
				16E456531F89A81300580165 /* logo_branco */,
				16E456511F89A66800580165 /* logo-multi.png */,
				16E456501F89A43C00580165 /* bg.png */,
				160163331F7349E000A3B403 /* baymax.jpg */,
			);
			name = images;
			path = app/assets/images;
			sourceTree = "<group>";
		};
		1658BFB31F6F5639009B73C0 = {
			isa = PBXGroup;
			children = (
				1658BFBE1F6F5639009B73C0 /* Multi Inteligencia Coletiva */,
				1658BFBD1F6F5639009B73C0 /* Products */,
				79F04779472AB1E36EE03C17 /* Pods */,
				B63ACBBBF2ED7AA335FCBF58 /* Frameworks */,
			);
			sourceTree = "<group>";
		};
		1658BFBD1F6F5639009B73C0 /* Products */ = {
			isa = PBXGroup;
			children = (
				1658BFBC1F6F5639009B73C0 /* Multi Inteligencia Coletiva.app */,
			);
			name = Products;
			sourceTree = "<group>";
		};
		1658BFBE1F6F5639009B73C0 /* Multi Inteligencia Coletiva */ = {
			isa = PBXGroup;
			children = (
				16C708B41F89B2DA0019A645 /* utils */,
				16C0469B1F896D0500195A8F /* services */,
				16777BFF1F76E7C50044D208 /* commons */,
				160163241F73367100A3B403 /* assets */,
				167623D21F712AE000A4E30C /* components */,
				1658BFD41F6F57BF009B73C0 /* models */,
				1658BFD31F6F57AC009B73C0 /* controllers */,
				1658BFBF1F6F5639009B73C0 /* AppDelegate.swift */,
				1658BFC31F6F5639009B73C0 /* Main.storyboard */,
				1658BFC61F6F5639009B73C0 /* Assets.xcassets */,
				1658BFC81F6F563A009B73C0 /* LaunchScreen.storyboard */,
				1658BFCB1F6F563A009B73C0 /* Info.plist */,
			);
			path = "Multi Inteligencia Coletiva";
			sourceTree = "<group>";
		};
		1658BFD31F6F57AC009B73C0 /* controllers */ = {
			isa = PBXGroup;
			children = (
				167623D71F713C8700A4E30C /* CursosTableViewController.swift */,
				1602C2151F736797005EE7A1 /* MainNavigationViewController.swift */,
				160E72111F748762006ACAEF /* SideMenuTableViewController.swift */,
				161C93BB1F87063100F19BD0 /* LoginViewController.swift */,
				16C708B21F89B1E30019A645 /* CadastroController.swift */,
			);
			name = controllers;
			sourceTree = "<group>";
		};
		1658BFD41F6F57BF009B73C0 /* models */ = {
			isa = PBXGroup;
			children = (
				160163201F73323200A3B403 /* Curso.swift */,
				160163221F7332B400A3B403 /* Usuario.swift */,
			);
			name = models;
			sourceTree = "<group>";
		};
		167623D21F712AE000A4E30C /* components */ = {
			isa = PBXGroup;
			children = (
				167623D31F712B1000A4E30C /* CardTableViewCell.swift */,
				16C87F031F71F15500D40621 /* HeaderTableViewCell.swift */,
				160E72131F749323006ACAEF /* MenuItemTableViewCell.swift */,
				16C708BB1F89BD140019A645 /* MainTextField.swift */,
			);
			name = components;
			sourceTree = "<group>";
		};
		16777BFF1F76E7C50044D208 /* commons */ = {
			isa = PBXGroup;
			children = (
				16777C001F76E7ED0044D208 /* Colors.swift */,
			);
			name = commons;
			sourceTree = "<group>";
		};
		16C0469B1F896D0500195A8F /* services */ = {
			isa = PBXGroup;
			children = (
				16E456451F896E5100580165 /* HttpService.swift */,
				16C708BD1F89E1710019A645 /* UsuarioService.swift */,
			);
			name = services;
			path = app/services;
			sourceTree = "<group>";
		};
		16C708B41F89B2DA0019A645 /* utils */ = {
			isa = PBXGroup;
			children = (
				16C708B51F89B2FF0019A645 /* AlertFactory.swift */,
			);
			name = utils;
			sourceTree = "<group>";
		};
		79F04779472AB1E36EE03C17 /* Pods */ = {
			isa = PBXGroup;
			children = (
				D057E03838A2DE195E9E28D8 /* Pods-Multi Inteligencia Coletiva.debug.xcconfig */,
				2F2FC5CCB386B86395BD15CD /* Pods-Multi Inteligencia Coletiva.release.xcconfig */,
			);
			name = Pods;
			sourceTree = "<group>";
		};
		B63ACBBBF2ED7AA335FCBF58 /* Frameworks */ = {
			isa = PBXGroup;
			children = (
				63730C0376272CB413BC257C /* Pods_Multi_Inteligencia_Coletiva.framework */,
			);
			name = Frameworks;
			sourceTree = "<group>";
		};
/* End PBXGroup section */

/* Begin PBXNativeTarget section */
		1658BFBB1F6F5639009B73C0 /* Multi Inteligencia Coletiva */ = {
			isa = PBXNativeTarget;
			buildConfigurationList = 1658BFCE1F6F563A009B73C0 /* Build configuration list for PBXNativeTarget "Multi Inteligencia Coletiva" */;
			buildPhases = (
				6DF7FC3CC102158754B18269 /* [CP] Check Pods Manifest.lock */,
				1658BFB81F6F5639009B73C0 /* Sources */,
				1658BFB91F6F5639009B73C0 /* Frameworks */,
				1658BFBA1F6F5639009B73C0 /* Resources */,
				21609EA57888C8700BC7C2CC /* [CP] Embed Pods Frameworks */,
				2AADB13E8DB37012734EF51E /* [CP] Copy Pods Resources */,
			);
			buildRules = (
			);
			dependencies = (
			);
			name = "Multi Inteligencia Coletiva";
			productName = "Multi Inteligencia Coletiva";
			productReference = 1658BFBC1F6F5639009B73C0 /* Multi Inteligencia Coletiva.app */;
			productType = "com.apple.product-type.application";
		};
/* End PBXNativeTarget section */

/* Begin PBXProject section */
		1658BFB41F6F5639009B73C0 /* Project object */ = {
			isa = PBXProject;
			attributes = {
				LastSwiftUpdateCheck = 0830;
				LastUpgradeCheck = 0830;
				ORGANIZATIONNAME = "Lucas Tavares";
				TargetAttributes = {
					1658BFBB1F6F5639009B73C0 = {
						CreatedOnToolsVersion = 8.3.3;
						DevelopmentTeam = AUFR4M6NN8;
						ProvisioningStyle = Automatic;
					};
				};
			};
			buildConfigurationList = 1658BFB71F6F5639009B73C0 /* Build configuration list for PBXProject "Multi Inteligencia Coletiva" */;
			compatibilityVersion = "Xcode 3.2";
			developmentRegion = English;
			hasScannedForEncodings = 0;
			knownRegions = (
				en,
				Base,
			);
			mainGroup = 1658BFB31F6F5639009B73C0;
			productRefGroup = 1658BFBD1F6F5639009B73C0 /* Products */;
			projectDirPath = "";
			projectRoot = "";
			targets = (
				1658BFBB1F6F5639009B73C0 /* Multi Inteligencia Coletiva */,
			);
		};
/* End PBXProject section */

/* Begin PBXResourcesBuildPhase section */
		1658BFBA1F6F5639009B73C0 /* Resources */ = {
			isa = PBXResourcesBuildPhase;
			buildActionMask = 2147483647;
			files = (
				16E456541F89A87700580165 /* logo_branco in Resources */,
				160163311F7336F800A3B403 /* thayla.jpg in Resources */,
				16E456551F89A8B500580165 /* bg.png in Resources */,
				1658BFCA1F6F563A009B73C0 /* LaunchScreen.storyboard in Resources */,
				160163301F7336F800A3B403 /* lucas.jpg in Resources */,
				1658BFC71F6F5639009B73C0 /* Assets.xcassets in Resources */,
				160163341F7349E000A3B403 /* baymax.jpg in Resources */,
				1601632F1F7336F800A3B403 /* jesse.jpg in Resources */,
				1658BFC51F6F5639009B73C0 /* Main.storyboard in Resources */,
			);
			runOnlyForDeploymentPostprocessing = 0;
		};
/* End PBXResourcesBuildPhase section */

/* Begin PBXShellScriptBuildPhase section */
		21609EA57888C8700BC7C2CC /* [CP] Embed Pods Frameworks */ = {
			isa = PBXShellScriptBuildPhase;
			buildActionMask = 2147483647;
			files = (
			);
			inputPaths = (
				"${SRCROOT}/Pods/Target Support Files/Pods-Multi Inteligencia Coletiva/Pods-Multi Inteligencia Coletiva-frameworks.sh",
				"${BUILT_PRODUCTS_DIR}/SideMenu/SideMenu.framework",
			);
			name = "[CP] Embed Pods Frameworks";
			outputPaths = (
				"${TARGET_BUILD_DIR}/${FRAMEWORKS_FOLDER_PATH}/SideMenu.framework",
			);
			runOnlyForDeploymentPostprocessing = 0;
			shellPath = /bin/sh;
			shellScript = "\"${SRCROOT}/Pods/Target Support Files/Pods-Multi Inteligencia Coletiva/Pods-Multi Inteligencia Coletiva-frameworks.sh\"\n";
			showEnvVarsInLog = 0;
		};
		2AADB13E8DB37012734EF51E /* [CP] Copy Pods Resources */ = {
			isa = PBXShellScriptBuildPhase;
			buildActionMask = 2147483647;
			files = (
			);
			inputPaths = (
			);
			name = "[CP] Copy Pods Resources";
			outputPaths = (
			);
			runOnlyForDeploymentPostprocessing = 0;
			shellPath = /bin/sh;
			shellScript = "\"${SRCROOT}/Pods/Target Support Files/Pods-Multi Inteligencia Coletiva/Pods-Multi Inteligencia Coletiva-resources.sh\"\n";
			showEnvVarsInLog = 0;
		};
		6DF7FC3CC102158754B18269 /* [CP] Check Pods Manifest.lock */ = {
			isa = PBXShellScriptBuildPhase;
			buildActionMask = 2147483647;
			files = (
			);
			inputPaths = (
				"${PODS_PODFILE_DIR_PATH}/Podfile.lock",
				"${PODS_ROOT}/Manifest.lock",
			);
			name = "[CP] Check Pods Manifest.lock";
			outputPaths = (
				"$(DERIVED_FILE_DIR)/Pods-Multi Inteligencia Coletiva-checkManifestLockResult.txt",
			);
			runOnlyForDeploymentPostprocessing = 0;
			shellPath = /bin/sh;
			shellScript = "diff \"${PODS_PODFILE_DIR_PATH}/Podfile.lock\" \"${PODS_ROOT}/Manifest.lock\" > /dev/null\nif [ $? != 0 ] ; then\n    # print error to STDERR\n    echo \"error: The sandbox is not in sync with the Podfile.lock. Run 'pod install' or update your CocoaPods installation.\" >&2\n    exit 1\nfi\n# This output is used by Xcode 'outputs' to avoid re-running this script phase.\necho \"SUCCESS\" > \"${SCRIPT_OUTPUT_FILE_0}\"\n";
			showEnvVarsInLog = 0;
		};
/* End PBXShellScriptBuildPhase section */

/* Begin PBXSourcesBuildPhase section */
		1658BFB81F6F5639009B73C0 /* Sources */ = {
			isa = PBXSourcesBuildPhase;
			buildActionMask = 2147483647;
			files = (
				1602C2161F736797005EE7A1 /* MainNavigationViewController.swift in Sources */,
				16777C011F76E7ED0044D208 /* Colors.swift in Sources */,
				160163211F73323200A3B403 /* Curso.swift in Sources */,
				16C87F041F71F15500D40621 /* HeaderTableViewCell.swift in Sources */,
				160E72141F749323006ACAEF /* MenuItemTableViewCell.swift in Sources */,
				16C708B31F89B1E30019A645 /* CadastroController.swift in Sources */,
				16C708BC1F89BD140019A645 /* MainTextField.swift in Sources */,
				16E456461F896E5100580165 /* HttpService.swift in Sources */,
				16C708BE1F89E1710019A645 /* UsuarioService.swift in Sources */,
				160163231F7332B400A3B403 /* Usuario.swift in Sources */,
				1658BFC01F6F5639009B73C0 /* AppDelegate.swift in Sources */,
				167623D41F712B1000A4E30C /* CardTableViewCell.swift in Sources */,
				167623D81F713C8700A4E30C /* CursosTableViewController.swift in Sources */,
				16C708B61F89B2FF0019A645 /* AlertFactory.swift in Sources */,
				160E72121F748762006ACAEF /* SideMenuTableViewController.swift in Sources */,
				161C93BC1F87063100F19BD0 /* LoginViewController.swift in Sources */,
			);
			runOnlyForDeploymentPostprocessing = 0;
		};
/* End PBXSourcesBuildPhase section */

/* Begin PBXVariantGroup section */
		1658BFC31F6F5639009B73C0 /* Main.storyboard */ = {
			isa = PBXVariantGroup;
			children = (
				1658BFC41F6F5639009B73C0 /* Base */,
			);
			name = Main.storyboard;
			sourceTree = "<group>";
		};
		1658BFC81F6F563A009B73C0 /* LaunchScreen.storyboard */ = {
			isa = PBXVariantGroup;
			children = (
				1658BFC91F6F563A009B73C0 /* Base */,
			);
			name = LaunchScreen.storyboard;
			sourceTree = "<group>";
		};
/* End PBXVariantGroup section */

/* Begin XCBuildConfiguration section */
		1658BFCC1F6F563A009B73C0 /* Debug */ = {
			isa = XCBuildConfiguration;
			buildSettings = {
				ALWAYS_SEARCH_USER_PATHS = NO;
				CLANG_ANALYZER_NONNULL = YES;
				CLANG_ANALYZER_NUMBER_OBJECT_CONVERSION = YES_AGGRESSIVE;
				CLANG_CXX_LANGUAGE_STANDARD = "gnu++0x";
				CLANG_CXX_LIBRARY = "libc++";
				CLANG_ENABLE_MODULES = YES;
				CLANG_ENABLE_OBJC_ARC = YES;
				CLANG_WARN_BOOL_CONVERSION = YES;
				CLANG_WARN_CONSTANT_CONVERSION = YES;
				CLANG_WARN_DIRECT_OBJC_ISA_USAGE = YES_ERROR;
				CLANG_WARN_DOCUMENTATION_COMMENTS = YES;
				CLANG_WARN_EMPTY_BODY = YES;
				CLANG_WARN_ENUM_CONVERSION = YES;
				CLANG_WARN_INFINITE_RECURSION = YES;
				CLANG_WARN_INT_CONVERSION = YES;
				CLANG_WARN_OBJC_ROOT_CLASS = YES_ERROR;
				CLANG_WARN_SUSPICIOUS_MOVE = YES;
				CLANG_WARN_UNREACHABLE_CODE = YES;
				CLANG_WARN__DUPLICATE_METHOD_MATCH = YES;
				"CODE_SIGN_IDENTITY[sdk=iphoneos*]" = "iPhone Developer";
				COPY_PHASE_STRIP = NO;
				DEBUG_INFORMATION_FORMAT = dwarf;
				ENABLE_STRICT_OBJC_MSGSEND = YES;
				ENABLE_TESTABILITY = YES;
				GCC_C_LANGUAGE_STANDARD = gnu99;
				GCC_DYNAMIC_NO_PIC = NO;
				GCC_NO_COMMON_BLOCKS = YES;
				GCC_OPTIMIZATION_LEVEL = 0;
				GCC_PREPROCESSOR_DEFINITIONS = (
					"DEBUG=1",
					"$(inherited)",
				);
				GCC_WARN_64_TO_32_BIT_CONVERSION = YES;
				GCC_WARN_ABOUT_RETURN_TYPE = YES_ERROR;
				GCC_WARN_UNDECLARED_SELECTOR = YES;
				GCC_WARN_UNINITIALIZED_AUTOS = YES_AGGRESSIVE;
				GCC_WARN_UNUSED_FUNCTION = YES;
				GCC_WARN_UNUSED_VARIABLE = YES;
				IPHONEOS_DEPLOYMENT_TARGET = 10.3;
				MTL_ENABLE_DEBUG_INFO = YES;
				ONLY_ACTIVE_ARCH = YES;
				SDKROOT = iphoneos;
				SWIFT_ACTIVE_COMPILATION_CONDITIONS = DEBUG;
				SWIFT_OPTIMIZATION_LEVEL = "-Onone";
			};
			name = Debug;
		};
		1658BFCD1F6F563A009B73C0 /* Release */ = {
			isa = XCBuildConfiguration;
			buildSettings = {
				ALWAYS_SEARCH_USER_PATHS = NO;
				CLANG_ANALYZER_NONNULL = YES;
				CLANG_ANALYZER_NUMBER_OBJECT_CONVERSION = YES_AGGRESSIVE;
				CLANG_CXX_LANGUAGE_STANDARD = "gnu++0x";
				CLANG_CXX_LIBRARY = "libc++";
				CLANG_ENABLE_MODULES = YES;
				CLANG_ENABLE_OBJC_ARC = YES;
				CLANG_WARN_BOOL_CONVERSION = YES;
				CLANG_WARN_CONSTANT_CONVERSION = YES;
				CLANG_WARN_DIRECT_OBJC_ISA_USAGE = YES_ERROR;
				CLANG_WARN_DOCUMENTATION_COMMENTS = YES;
				CLANG_WARN_EMPTY_BODY = YES;
				CLANG_WARN_ENUM_CONVERSION = YES;
				CLANG_WARN_INFINITE_RECURSION = YES;
				CLANG_WARN_INT_CONVERSION = YES;
				CLANG_WARN_OBJC_ROOT_CLASS = YES_ERROR;
				CLANG_WARN_SUSPICIOUS_MOVE = YES;
				CLANG_WARN_UNREACHABLE_CODE = YES;
				CLANG_WARN__DUPLICATE_METHOD_MATCH = YES;
				"CODE_SIGN_IDENTITY[sdk=iphoneos*]" = "iPhone Developer";
				COPY_PHASE_STRIP = NO;
				DEBUG_INFORMATION_FORMAT = "dwarf-with-dsym";
				ENABLE_NS_ASSERTIONS = NO;
				ENABLE_STRICT_OBJC_MSGSEND = YES;
				GCC_C_LANGUAGE_STANDARD = gnu99;
				GCC_NO_COMMON_BLOCKS = YES;
				GCC_WARN_64_TO_32_BIT_CONVERSION = YES;
				GCC_WARN_ABOUT_RETURN_TYPE = YES_ERROR;
				GCC_WARN_UNDECLARED_SELECTOR = YES;
				GCC_WARN_UNINITIALIZED_AUTOS = YES_AGGRESSIVE;
				GCC_WARN_UNUSED_FUNCTION = YES;
				GCC_WARN_UNUSED_VARIABLE = YES;
				IPHONEOS_DEPLOYMENT_TARGET = 10.3;
				MTL_ENABLE_DEBUG_INFO = NO;
				SDKROOT = iphoneos;
				SWIFT_OPTIMIZATION_LEVEL = "-Owholemodule";
				VALIDATE_PRODUCT = YES;
			};
			name = Release;
		};
		1658BFCF1F6F563A009B73C0 /* Debug */ = {
			isa = XCBuildConfiguration;
			baseConfigurationReference = D057E03838A2DE195E9E28D8 /* Pods-Multi Inteligencia Coletiva.debug.xcconfig */;
			buildSettings = {
				ASSETCATALOG_COMPILER_APPICON_NAME = AppIcon;
				DEVELOPMENT_TEAM = AUFR4M6NN8;
				INFOPLIST_FILE = "Multi Inteligencia Coletiva/Info.plist";
				IPHONEOS_DEPLOYMENT_TARGET = 8.0;
				LD_RUNPATH_SEARCH_PATHS = "$(inherited) @executable_path/Frameworks";
				PRODUCT_BUNDLE_IDENTIFIER = "br.com.tavares.Multi-Inteligencia-Coletiva";
				PRODUCT_NAME = "$(TARGET_NAME)";
				SWIFT_VERSION = 3.0;
			};
			name = Debug;
		};
		1658BFD01F6F563A009B73C0 /* Release */ = {
			isa = XCBuildConfiguration;
			baseConfigurationReference = 2F2FC5CCB386B86395BD15CD /* Pods-Multi Inteligencia Coletiva.release.xcconfig */;
			buildSettings = {
				ASSETCATALOG_COMPILER_APPICON_NAME = AppIcon;
				DEVELOPMENT_TEAM = AUFR4M6NN8;
				INFOPLIST_FILE = "Multi Inteligencia Coletiva/Info.plist";
				IPHONEOS_DEPLOYMENT_TARGET = 8.0;
				LD_RUNPATH_SEARCH_PATHS = "$(inherited) @executable_path/Frameworks";
				PRODUCT_BUNDLE_IDENTIFIER = "br.com.tavares.Multi-Inteligencia-Coletiva";
				PRODUCT_NAME = "$(TARGET_NAME)";
				SWIFT_VERSION = 3.0;
			};
			name = Release;
		};
/* End XCBuildConfiguration section */

/* Begin XCConfigurationList section */
		1658BFB71F6F5639009B73C0 /* Build configuration list for PBXProject "Multi Inteligencia Coletiva" */ = {
			isa = XCConfigurationList;
			buildConfigurations = (
				1658BFCC1F6F563A009B73C0 /* Debug */,
				1658BFCD1F6F563A009B73C0 /* Release */,
			);
			defaultConfigurationIsVisible = 0;
			defaultConfigurationName = Release;
		};
		1658BFCE1F6F563A009B73C0 /* Build configuration list for PBXNativeTarget "Multi Inteligencia Coletiva" */ = {
			isa = XCConfigurationList;
			buildConfigurations = (
				1658BFCF1F6F563A009B73C0 /* Debug */,
				1658BFD01F6F563A009B73C0 /* Release */,
			);
			defaultConfigurationIsVisible = 0;
			defaultConfigurationName = Release;
		};
/* End XCConfigurationList section */
	};
	rootObject = 1658BFB41F6F5639009B73C0 /* Project object */;
}
